// !$*UTF8*$!
{
	archiveVersion = 1;
	classes = {
	};
	objectVersion = 46;
	objects = {

/* Begin PBXBuildFile section */
		2611A05A19514569003292BF /* frame.png in Resources */ = {isa = PBXBuildFile; fileRef = 2611A05919514569003292BF /* frame.png */; };
		2612CDBA193F6E050079F51C /* SelectViewController.m in Sources */ = {isa = PBXBuildFile; fileRef = 2612CDB9193F6E050079F51C /* SelectViewController.m */; };
		265017591931EFC800874699 /* Foundation.framework in Frameworks */ = {isa = PBXBuildFile; fileRef = 265017581931EFC800874699 /* Foundation.framework */; };
		2650175B1931EFC800874699 /* CoreGraphics.framework in Frameworks */ = {isa = PBXBuildFile; fileRef = 2650175A1931EFC800874699 /* CoreGraphics.framework */; };
		2650175D1931EFC800874699 /* UIKit.framework in Frameworks */ = {isa = PBXBuildFile; fileRef = 2650175C1931EFC800874699 /* UIKit.framework */; };
		265017631931EFC800874699 /* InfoPlist.strings in Resources */ = {isa = PBXBuildFile; fileRef = 265017611931EFC800874699 /* InfoPlist.strings */; };
		265017651931EFC800874699 /* main.m in Sources */ = {isa = PBXBuildFile; fileRef = 265017641931EFC800874699 /* main.m */; };
		265017691931EFC800874699 /* AppDelegate.m in Sources */ = {isa = PBXBuildFile; fileRef = 265017681931EFC800874699 /* AppDelegate.m */; };
		2650176B1931EFC800874699 /* Images.xcassets in Resources */ = {isa = PBXBuildFile; fileRef = 2650176A1931EFC800874699 /* Images.xcassets */; };
		265017721931EFC900874699 /* XCTest.framework in Frameworks */ = {isa = PBXBuildFile; fileRef = 265017711931EFC900874699 /* XCTest.framework */; };
		265017731931EFC900874699 /* Foundation.framework in Frameworks */ = {isa = PBXBuildFile; fileRef = 265017581931EFC800874699 /* Foundation.framework */; };
		265017741931EFC900874699 /* UIKit.framework in Frameworks */ = {isa = PBXBuildFile; fileRef = 2650175C1931EFC800874699 /* UIKit.framework */; };
		2650177C1931EFC900874699 /* InfoPlist.strings in Resources */ = {isa = PBXBuildFile; fileRef = 2650177A1931EFC900874699 /* InfoPlist.strings */; };
		2650177E1931EFC900874699 /* _bikTests.m in Sources */ = {isa = PBXBuildFile; fileRef = 2650177D1931EFC900874699 /* _bikTests.m */; };
		26A9A00D193E198400E1FBCB /* MainViewController.m in Sources */ = {isa = PBXBuildFile; fileRef = 26A9A00C193E198400E1FBCB /* MainViewController.m */; };
		26B495651938515800495E0D /* bg.png in Resources */ = {isa = PBXBuildFile; fileRef = 26B495641938515800495E0D /* bg.png */; };
		26B4959C19386AA800495E0D /* ClearViewController.m in Sources */ = {isa = PBXBuildFile; fileRef = 26B4959B19386AA800495E0D /* ClearViewController.m */; };
		26B495CB193DF9EE00495E0D /* MenuViewController.m in Sources */ = {isa = PBXBuildFile; fileRef = 26B495CA193DF9EE00495E0D /* MenuViewController.m */; };
		26BDC77C1950B2F2005A56F7 /* blue.png in Resources */ = {isa = PBXBuildFile; fileRef = 26BDC7721950B2F2005A56F7 /* blue.png */; };
		26BDC77E1950B2F2005A56F7 /* green.png in Resources */ = {isa = PBXBuildFile; fileRef = 26BDC7761950B2F2005A56F7 /* green.png */; };
		26BDC7801950B2F2005A56F7 /* orange.png in Resources */ = {isa = PBXBuildFile; fileRef = 26BDC7781950B2F2005A56F7 /* orange.png */; };
		26BDC7811950B2F2005A56F7 /* purple.png in Resources */ = {isa = PBXBuildFile; fileRef = 26BDC7791950B2F2005A56F7 /* purple.png */; };
		26BDC7821950B2F2005A56F7 /* red.png in Resources */ = {isa = PBXBuildFile; fileRef = 26BDC77A1950B2F2005A56F7 /* red.png */; };
		26BDC7831950B2F2005A56F7 /* yellow.png in Resources */ = {isa = PBXBuildFile; fileRef = 26BDC77B1950B2F2005A56F7 /* yellow.png */; };
		26FD6717193F324500F614AD /* TutorialViewController.m in Sources */ = {isa = PBXBuildFile; fileRef = 26FD6716193F324500F614AD /* TutorialViewController.m */; };
		26FD671A193F325500F614AD /* RankViewController.m in Sources */ = {isa = PBXBuildFile; fileRef = 26FD6719193F325500F614AD /* RankViewController.m */; };
/* End PBXBuildFile section */

/* Begin PBXContainerItemProxy section */
		265017751931EFC900874699 /* PBXContainerItemProxy */ = {
			isa = PBXContainerItemProxy;
			containerPortal = 2650174D1931EFC800874699 /* Project object */;
			proxyType = 1;
			remoteGlobalIDString = 265017541931EFC800874699;
			remoteInfo = 2bik;
		};
/* End PBXContainerItemProxy section */

/* Begin PBXFileReference section */
		2611A05919514569003292BF /* frame.png */ = {isa = PBXFileReference; lastKnownFileType = image.png; path = frame.png; sourceTree = "<group>"; };
		2612CDB8193F6E050079F51C /* SelectViewController.h */ = {isa = PBXFileReference; fileEncoding = 4; lastKnownFileType = sourcecode.c.h; path = SelectViewController.h; sourceTree = "<group>"; };
		2612CDB9193F6E050079F51C /* SelectViewController.m */ = {isa = PBXFileReference; fileEncoding = 4; lastKnownFileType = sourcecode.c.objc; path = SelectViewController.m; sourceTree = "<group>"; };
		265017551931EFC800874699 /* 2bik2.app */ = {isa = PBXFileReference; explicitFileType = wrapper.application; includeInIndex = 0; path = 2bik2.app; sourceTree = BUILT_PRODUCTS_DIR; };
		265017581931EFC800874699 /* Foundation.framework */ = {isa = PBXFileReference; lastKnownFileType = wrapper.framework; name = Foundation.framework; path = System/Library/Frameworks/Foundation.framework; sourceTree = SDKROOT; };
		2650175A1931EFC800874699 /* CoreGraphics.framework */ = {isa = PBXFileReference; lastKnownFileType = wrapper.framework; name = CoreGraphics.framework; path = System/Library/Frameworks/CoreGraphics.framework; sourceTree = SDKROOT; };
		2650175C1931EFC800874699 /* UIKit.framework */ = {isa = PBXFileReference; lastKnownFileType = wrapper.framework; name = UIKit.framework; path = System/Library/Frameworks/UIKit.framework; sourceTree = SDKROOT; };
		265017601931EFC800874699 /* 2bik2-Info.plist */ = {isa = PBXFileReference; lastKnownFileType = text.plist.xml; path = "2bik2-Info.plist"; sourceTree = "<group>"; };
		265017621931EFC800874699 /* en */ = {isa = PBXFileReference; lastKnownFileType = text.plist.strings; name = en; path = en.lproj/InfoPlist.strings; sourceTree = "<group>"; };
		265017641931EFC800874699 /* main.m */ = {isa = PBXFileReference; lastKnownFileType = sourcecode.c.objc; path = main.m; sourceTree = "<group>"; };
		265017661931EFC800874699 /* 2bik2-Prefix.pch */ = {isa = PBXFileReference; lastKnownFileType = sourcecode.c.h; path = "2bik2-Prefix.pch"; sourceTree = "<group>"; };
		265017671931EFC800874699 /* AppDelegate.h */ = {isa = PBXFileReference; lastKnownFileType = sourcecode.c.h; path = AppDelegate.h; sourceTree = "<group>"; };
		265017681931EFC800874699 /* AppDelegate.m */ = {isa = PBXFileReference; lastKnownFileType = sourcecode.c.objc; path = AppDelegate.m; sourceTree = "<group>"; };
		2650176A1931EFC800874699 /* Images.xcassets */ = {isa = PBXFileReference; lastKnownFileType = folder.assetcatalog; path = Images.xcassets; sourceTree = "<group>"; };
		265017701931EFC900874699 /* 2bik2Tests.xctest */ = {isa = PBXFileReference; explicitFileType = wrapper.cfbundle; includeInIndex = 0; path = 2bik2Tests.xctest; sourceTree = BUILT_PRODUCTS_DIR; };
		265017711931EFC900874699 /* XCTest.framework */ = {isa = PBXFileReference; lastKnownFileType = wrapper.framework; name = XCTest.framework; path = Library/Frameworks/XCTest.framework; sourceTree = DEVELOPER_DIR; };
		265017791931EFC900874699 /* 2bik2Tests-Info.plist */ = {isa = PBXFileReference; lastKnownFileType = text.plist.xml; path = "2bik2Tests-Info.plist"; sourceTree = "<group>"; };
		2650177B1931EFC900874699 /* en */ = {isa = PBXFileReference; lastKnownFileType = text.plist.strings; name = en; path = en.lproj/InfoPlist.strings; sourceTree = "<group>"; };
		2650177D1931EFC900874699 /* _bikTests.m */ = {isa = PBXFileReference; lastKnownFileType = sourcecode.c.objc; path = _bikTests.m; sourceTree = "<group>"; };
		26A9A00B193E198400E1FBCB /* MainViewController.h */ = {isa = PBXFileReference; fileEncoding = 4; lastKnownFileType = sourcecode.c.h; path = MainViewController.h; sourceTree = "<group>"; };
		26A9A00C193E198400E1FBCB /* MainViewController.m */ = {isa = PBXFileReference; fileEncoding = 4; lastKnownFileType = sourcecode.c.objc; path = MainViewController.m; sourceTree = "<group>"; };
		26B495641938515800495E0D /* bg.png */ = {isa = PBXFileReference; lastKnownFileType = image.png; path = bg.png; sourceTree = "<group>"; };
		26B4959A19386AA800495E0D /* ClearViewController.h */ = {isa = PBXFileReference; fileEncoding = 4; lastKnownFileType = sourcecode.c.h; path = ClearViewController.h; sourceTree = "<group>"; };
		26B4959B19386AA800495E0D /* ClearViewController.m */ = {isa = PBXFileReference; fileEncoding = 4; lastKnownFileType = sourcecode.c.objc; path = ClearViewController.m; sourceTree = "<group>"; };
		26B4959D19386C8600495E0D /* ViewControllers.h */ = {isa = PBXFileReference; fileEncoding = 4; lastKnownFileType = sourcecode.c.h; path = ViewControllers.h; sourceTree = "<group>"; };
		26B495C9193DF9EE00495E0D /* MenuViewController.h */ = {isa = PBXFileReference; fileEncoding = 4; lastKnownFileType = sourcecode.c.h; path = MenuViewController.h; sourceTree = "<group>"; };
		26B495CA193DF9EE00495E0D /* MenuViewController.m */ = {isa = PBXFileReference; fileEncoding = 4; lastKnownFileType = sourcecode.c.objc; path = MenuViewController.m; sourceTree = "<group>"; };
		26BDC7721950B2F2005A56F7 /* blue.png */ = {isa = PBXFileReference; lastKnownFileType = image.png; path = blue.png; sourceTree = "<group>"; };
		26BDC7761950B2F2005A56F7 /* green.png */ = {isa = PBXFileReference; lastKnownFileType = image.png; path = green.png; sourceTree = "<group>"; };
		26BDC7781950B2F2005A56F7 /* orange.png */ = {isa = PBXFileReference; lastKnownFileType = image.png; path = orange.png; sourceTree = "<group>"; };
		26BDC7791950B2F2005A56F7 /* purple.png */ = {isa = PBXFileReference; lastKnownFileType = image.png; path = purple.png; sourceTree = "<group>"; };
		26BDC77A1950B2F2005A56F7 /* red.png */ = {isa = PBXFileReference; lastKnownFileType = image.png; path = red.png; sourceTree = "<group>"; };
		26BDC77B1950B2F2005A56F7 /* yellow.png */ = {isa = PBXFileReference; lastKnownFileType = image.png; path = yellow.png; sourceTree = "<group>"; };
		26FD6715193F324500F614AD /* TutorialViewController.h */ = {isa = PBXFileReference; fileEncoding = 4; lastKnownFileType = sourcecode.c.h; path = TutorialViewController.h; sourceTree = "<group>"; };
		26FD6716193F324500F614AD /* TutorialViewController.m */ = {isa = PBXFileReference; fileEncoding = 4; lastKnownFileType = sourcecode.c.objc; path = TutorialViewController.m; sourceTree = "<group>"; };
		26FD6718193F325500F614AD /* RankViewController.h */ = {isa = PBXFileReference; fileEncoding = 4; lastKnownFileType = sourcecode.c.h; path = RankViewController.h; sourceTree = "<group>"; };
		26FD6719193F325500F614AD /* RankViewController.m */ = {isa = PBXFileReference; fileEncoding = 4; lastKnownFileType = sourcecode.c.objc; path = RankViewController.m; sourceTree = "<group>"; };
		26FD671B193F35DB00F614AD /* parameters.h */ = {isa = PBXFileReference; fileEncoding = 4; lastKnownFileType = sourcecode.c.h; path = parameters.h; sourceTree = "<group>"; };
/* End PBXFileReference section */

/* Begin PBXFrameworksBuildPhase section */
		265017521931EFC800874699 /* Frameworks */ = {
			isa = PBXFrameworksBuildPhase;
			buildActionMask = 2147483647;
			files = (
				2650175B1931EFC800874699 /* CoreGraphics.framework in Frameworks */,
				2650175D1931EFC800874699 /* UIKit.framework in Frameworks */,
				265017591931EFC800874699 /* Foundation.framework in Frameworks */,
			);
			runOnlyForDeploymentPostprocessing = 0;
		};
		2650176D1931EFC900874699 /* Frameworks */ = {
			isa = PBXFrameworksBuildPhase;
			buildActionMask = 2147483647;
			files = (
				265017721931EFC900874699 /* XCTest.framework in Frameworks */,
				265017741931EFC900874699 /* UIKit.framework in Frameworks */,
				265017731931EFC900874699 /* Foundation.framework in Frameworks */,
			);
			runOnlyForDeploymentPostprocessing = 0;
		};
/* End PBXFrameworksBuildPhase section */

/* Begin PBXGroup section */
		2650174C1931EFC800874699 = {
			isa = PBXGroup;
			children = (
				2650175E1931EFC800874699 /* 2bik */,
				265017771931EFC900874699 /* 2bikTests */,
				265017571931EFC800874699 /* Frameworks */,
				265017561931EFC800874699 /* Products */,
			);
			sourceTree = "<group>";
		};
		265017561931EFC800874699 /* Products */ = {
			isa = PBXGroup;
			children = (
				265017551931EFC800874699 /* 2bik2.app */,
				265017701931EFC900874699 /* 2bik2Tests.xctest */,
			);
			name = Products;
			sourceTree = "<group>";
		};
		265017571931EFC800874699 /* Frameworks */ = {
			isa = PBXGroup;
			children = (
				265017581931EFC800874699 /* Foundation.framework */,
				2650175A1931EFC800874699 /* CoreGraphics.framework */,
				2650175C1931EFC800874699 /* UIKit.framework */,
				265017711931EFC900874699 /* XCTest.framework */,
			);
			name = Frameworks;
			sourceTree = "<group>";
		};
		2650175E1931EFC800874699 /* 2bik */ = {
			isa = PBXGroup;
			children = (
				2611A05919514569003292BF /* frame.png */,
				26BDC7721950B2F2005A56F7 /* blue.png */,
				26BDC7761950B2F2005A56F7 /* green.png */,
				26BDC7781950B2F2005A56F7 /* orange.png */,
				26BDC7791950B2F2005A56F7 /* purple.png */,
				26BDC77A1950B2F2005A56F7 /* red.png */,
				26BDC77B1950B2F2005A56F7 /* yellow.png */,
				26B495641938515800495E0D /* bg.png */,
				265017671931EFC800874699 /* AppDelegate.h */,
				265017681931EFC800874699 /* AppDelegate.m */,
				2650176A1931EFC800874699 /* Images.xcassets */,
				2650175F1931EFC800874699 /* Supporting Files */,
				26FD671B193F35DB00F614AD /* parameters.h */,
				26B4959D19386C8600495E0D /* ViewControllers.h */,
				26B4959A19386AA800495E0D /* ClearViewController.h */,
				26B4959B19386AA800495E0D /* ClearViewController.m */,
				26B495C9193DF9EE00495E0D /* MenuViewController.h */,
				26B495CA193DF9EE00495E0D /* MenuViewController.m */,
				26A9A00B193E198400E1FBCB /* MainViewController.h */,
				26A9A00C193E198400E1FBCB /* MainViewController.m */,
				26FD6715193F324500F614AD /* TutorialViewController.h */,
				26FD6716193F324500F614AD /* TutorialViewController.m */,
				26FD6718193F325500F614AD /* RankViewController.h */,
				26FD6719193F325500F614AD /* RankViewController.m */,
				2612CDB8193F6E050079F51C /* SelectViewController.h */,
				2612CDB9193F6E050079F51C /* SelectViewController.m */,
			);
			path = 2bik;
			sourceTree = "<group>";
		};
		2650175F1931EFC800874699 /* Supporting Files */ = {
			isa = PBXGroup;
			children = (
				265017601931EFC800874699 /* 2bik2-Info.plist */,
				265017611931EFC800874699 /* InfoPlist.strings */,
				265017641931EFC800874699 /* main.m */,
				265017661931EFC800874699 /* 2bik2-Prefix.pch */,
			);
			name = "Supporting Files";
			sourceTree = "<group>";
		};
		265017771931EFC900874699 /* 2bikTests */ = {
			isa = PBXGroup;
			children = (
				2650177D1931EFC900874699 /* _bikTests.m */,
				265017781931EFC900874699 /* Supporting Files */,
			);
			path = 2bikTests;
			sourceTree = "<group>";
		};
		265017781931EFC900874699 /* Supporting Files */ = {
			isa = PBXGroup;
			children = (
				265017791931EFC900874699 /* 2bik2Tests-Info.plist */,
				2650177A1931EFC900874699 /* InfoPlist.strings */,
			);
			name = "Supporting Files";
			sourceTree = "<group>";
		};
/* End PBXGroup section */

/* Begin PBXNativeTarget section */
		265017541931EFC800874699 /* 2bik2 */ = {
			isa = PBXNativeTarget;
			buildConfigurationList = 265017811931EFC900874699 /* Build configuration list for PBXNativeTarget "2bik2" */;
			buildPhases = (
				265017511931EFC800874699 /* Sources */,
				265017521931EFC800874699 /* Frameworks */,
				265017531931EFC800874699 /* Resources */,
			);
			buildRules = (
			);
			dependencies = (
			);
			name = 2bik2;
			productName = 2bik;
			productReference = 265017551931EFC800874699 /* 2bik2.app */;
			productType = "com.apple.product-type.application";
		};
		2650176F1931EFC900874699 /* 2bik2Tests */ = {
			isa = PBXNativeTarget;
			buildConfigurationList = 265017841931EFC900874699 /* Build configuration list for PBXNativeTarget "2bik2Tests" */;
			buildPhases = (
				2650176C1931EFC900874699 /* Sources */,
				2650176D1931EFC900874699 /* Frameworks */,
				2650176E1931EFC900874699 /* Resources */,
			);
			buildRules = (
			);
			dependencies = (
				265017761931EFC900874699 /* PBXTargetDependency */,
			);
			name = 2bik2Tests;
			productName = 2bikTests;
			productReference = 265017701931EFC900874699 /* 2bik2Tests.xctest */;
			productType = "com.apple.product-type.bundle.unit-test";
		};
/* End PBXNativeTarget section */

/* Begin PBXProject section */
		2650174D1931EFC800874699 /* Project object */ = {
			isa = PBXProject;
			attributes = {
				LastUpgradeCheck = 0510;
				ORGANIZATIONNAME = "Nariyuki Saito";
				TargetAttributes = {
					2650176F1931EFC900874699 = {
						TestTargetID = 265017541931EFC800874699;
					};
				};
			};
			buildConfigurationList = 265017501931EFC800874699 /* Build configuration list for PBXProject "2bik2" */;
			compatibilityVersion = "Xcode 3.2";
			developmentRegion = English;
			hasScannedForEncodings = 0;
			knownRegions = (
				en,
			);
			mainGroup = 2650174C1931EFC800874699;
			productRefGroup = 265017561931EFC800874699 /* Products */;
			projectDirPath = "";
			projectRoot = "";
			targets = (
				265017541931EFC800874699 /* 2bik2 */,
				2650176F1931EFC900874699 /* 2bik2Tests */,
			);
		};
/* End PBXProject section */

/* Begin PBXResourcesBuildPhase section */
		265017531931EFC800874699 /* Resources */ = {
			isa = PBXResourcesBuildPhase;
			buildActionMask = 2147483647;
			files = (
				26BDC77E1950B2F2005A56F7 /* green.png in Resources */,
				26BDC7831950B2F2005A56F7 /* yellow.png in Resources */,
				265017631931EFC800874699 /* InfoPlist.strings in Resources */,
				2611A05A19514569003292BF /* frame.png in Resources */,
				26BDC77C1950B2F2005A56F7 /* blue.png in Resources */,
				2650176B1931EFC800874699 /* Images.xcassets in Resources */,
				26B495651938515800495E0D /* bg.png in Resources */,
				26BDC7811950B2F2005A56F7 /* purple.png in Resources */,
				26BDC7821950B2F2005A56F7 /* red.png in Resources */,
				26BDC7801950B2F2005A56F7 /* orange.png in Resources */,
			);
			runOnlyForDeploymentPostprocessing = 0;
		};
		2650176E1931EFC900874699 /* Resources */ = {
			isa = PBXResourcesBuildPhase;
			buildActionMask = 2147483647;
			files = (
				2650177C1931EFC900874699 /* InfoPlist.strings in Resources */,
			);
			runOnlyForDeploymentPostprocessing = 0;
		};
/* End PBXResourcesBuildPhase section */

/* Begin PBXSourcesBuildPhase section */
		265017511931EFC800874699 /* Sources */ = {
			isa = PBXSourcesBuildPhase;
			buildActionMask = 2147483647;
			files = (
				2612CDBA193F6E050079F51C /* SelectViewController.m in Sources */,
				265017691931EFC800874699 /* AppDelegate.m in Sources */,
				26B4959C19386AA800495E0D /* ClearViewController.m in Sources */,
				26FD6717193F324500F614AD /* TutorialViewController.m in Sources */,
				26FD671A193F325500F614AD /* RankViewController.m in Sources */,
				265017651931EFC800874699 /* main.m in Sources */,
				26A9A00D193E198400E1FBCB /* MainViewController.m in Sources */,
				26B495CB193DF9EE00495E0D /* MenuViewController.m in Sources */,
			);
			runOnlyForDeploymentPostprocessing = 0;
		};
		2650176C1931EFC900874699 /* Sources */ = {
			isa = PBXSourcesBuildPhase;
			buildActionMask = 2147483647;
			files = (
				2650177E1931EFC900874699 /* _bikTests.m in Sources */,
			);
			runOnlyForDeploymentPostprocessing = 0;
		};
/* End PBXSourcesBuildPhase section */

/* Begin PBXTargetDependency section */
		265017761931EFC900874699 /* PBXTargetDependency */ = {
			isa = PBXTargetDependency;
			target = 265017541931EFC800874699 /* 2bik2 */;
			targetProxy = 265017751931EFC900874699 /* PBXContainerItemProxy */;
		};
/* End PBXTargetDependency section */

/* Begin PBXVariantGroup section */
		265017611931EFC800874699 /* InfoPlist.strings */ = {
			isa = PBXVariantGroup;
			children = (
				265017621931EFC800874699 /* en */,
			);
			name = InfoPlist.strings;
			sourceTree = "<group>";
		};
		2650177A1931EFC900874699 /* InfoPlist.strings */ = {
			isa = PBXVariantGroup;
			children = (
				2650177B1931EFC900874699 /* en */,
			);
			name = InfoPlist.strings;
			sourceTree = "<group>";
		};
/* End PBXVariantGroup section */

/* Begin XCBuildConfiguration section */
		2650177F1931EFC900874699 /* Debug */ = {
			isa = XCBuildConfiguration;
			buildSettings = {
				ALWAYS_SEARCH_USER_PATHS = NO;
				CLANG_CXX_LANGUAGE_STANDARD = "gnu++0x";
				CLANG_CXX_LIBRARY = "libc++";
				CLANG_ENABLE_MODULES = YES;
				CLANG_ENABLE_OBJC_ARC = YES;
				CLANG_WARN_BOOL_CONVERSION = YES;
				CLANG_WARN_CONSTANT_CONVERSION = YES;
				CLANG_WARN_DIRECT_OBJC_ISA_USAGE = YES_ERROR;
				CLANG_WARN_EMPTY_BODY = YES;
				CLANG_WARN_ENUM_CONVERSION = YES;
				CLANG_WARN_INT_CONVERSION = YES;
				CLANG_WARN_OBJC_ROOT_CLASS = YES_ERROR;
				CLANG_WARN__DUPLICATE_METHOD_MATCH = YES;
				"CODE_SIGN_IDENTITY[sdk=iphoneos*]" = "iPhone Developer";
				COPY_PHASE_STRIP = NO;
				GCC_C_LANGUAGE_STANDARD = gnu99;
				GCC_DYNAMIC_NO_PIC = NO;
				GCC_OPTIMIZATION_LEVEL = 0;
				GCC_PREPROCESSOR_DEFINITIONS = (
					"DEBUG=1",
					"$(inherited)",
				);
				GCC_SYMBOLS_PRIVATE_EXTERN = NO;
				GCC_WARN_64_TO_32_BIT_CONVERSION = YES;
				GCC_WARN_ABOUT_RETURN_TYPE = YES_ERROR;
				GCC_WARN_UNDECLARED_SELECTOR = YES;
				GCC_WARN_UNINITIALIZED_AUTOS = YES_AGGRESSIVE;
				GCC_WARN_UNUSED_FUNCTION = YES;
				GCC_WARN_UNUSED_VARIABLE = YES;
				IPHONEOS_DEPLOYMENT_TARGET = 7.1;
				ONLY_ACTIVE_ARCH = YES;
				SDKROOT = iphoneos;
			};
			name = Debug;
		};
		265017801931EFC900874699 /* Release */ = {
			isa = XCBuildConfiguration;
			buildSettings = {
				ALWAYS_SEARCH_USER_PATHS = NO;
				CLANG_CXX_LANGUAGE_STANDARD = "gnu++0x";
				CLANG_CXX_LIBRARY = "libc++";
				CLANG_ENABLE_MODULES = YES;
				CLANG_ENABLE_OBJC_ARC = YES;
				CLANG_WARN_BOOL_CONVERSION = YES;
				CLANG_WARN_CONSTANT_CONVERSION = YES;
				CLANG_WARN_DIRECT_OBJC_ISA_USAGE = YES_ERROR;
				CLANG_WARN_EMPTY_BODY = YES;
				CLANG_WARN_ENUM_CONVERSION = YES;
				CLANG_WARN_INT_CONVERSION = YES;
				CLANG_WARN_OBJC_ROOT_CLASS = YES_ERROR;
				CLANG_WARN__DUPLICATE_METHOD_MATCH = YES;
				"CODE_SIGN_IDENTITY[sdk=iphoneos*]" = "iPhone Developer";
				COPY_PHASE_STRIP = YES;
				ENABLE_NS_ASSERTIONS = NO;
				GCC_C_LANGUAGE_STANDARD = gnu99;
				GCC_WARN_64_TO_32_BIT_CONVERSION = YES;
				GCC_WARN_ABOUT_RETURN_TYPE = YES_ERROR;
				GCC_WARN_UNDECLARED_SELECTOR = YES;
				GCC_WARN_UNINITIALIZED_AUTOS = YES_AGGRESSIVE;
				GCC_WARN_UNUSED_FUNCTION = YES;
				GCC_WARN_UNUSED_VARIABLE = YES;
				IPHONEOS_DEPLOYMENT_TARGET = 7.1;
				SDKROOT = iphoneos;
				VALIDATE_PRODUCT = YES;
			};
			name = Release;
		};
		265017821931EFC900874699 /* Debug */ = {
			isa = XCBuildConfiguration;
			buildSettings = {
				ASSETCATALOG_COMPILER_APPICON_NAME = AppIcon;
				ASSETCATALOG_COMPILER_LAUNCHIMAGE_NAME = LaunchImage;
				GCC_PRECOMPILE_PREFIX_HEADER = YES;
				GCC_PREFIX_HEADER = "2bik/2bik2-Prefix.pch";
				INFOPLIST_FILE = "2bik/2bik2-Info.plist";
				PRODUCT_NAME = 2bik2;
				WRAPPER_EXTENSION = app;
			};
			name = Debug;
		};
		265017831931EFC900874699 /* Release */ = {
			isa = XCBuildConfiguration;
			buildSettings = {
				ASSETCATALOG_COMPILER_APPICON_NAME = AppIcon;
				ASSETCATALOG_COMPILER_LAUNCHIMAGE_NAME = LaunchImage;
				GCC_PRECOMPILE_PREFIX_HEADER = YES;
				GCC_PREFIX_HEADER = "2bik/2bik2-Prefix.pch";
				INFOPLIST_FILE = "2bik/2bik2-Info.plist";
				PRODUCT_NAME = 2bik2;
				WRAPPER_EXTENSION = app;
			};
			name = Release;
		};
		265017851931EFC900874699 /* Debug */ = {
			isa = XCBuildConfiguration;
			buildSettings = {
				BUNDLE_LOADER = "$(BUILT_PRODUCTS_DIR)/2bik.app/2bik";
				FRAMEWORK_SEARCH_PATHS = (
					"$(SDKROOT)/Developer/Library/Frameworks",
					"$(inherited)",
					"$(DEVELOPER_FRAMEWORKS_DIR)",
				);
				GCC_PRECOMPILE_PREFIX_HEADER = YES;
				GCC_PREFIX_HEADER = "2bik/2bik-Prefix.pch";
				GCC_PREPROCESSOR_DEFINITIONS = (
					"DEBUG=1",
					"$(inherited)",
				);
				INFOPLIST_FILE = "2bikTests/2bik2Tests-Info.plist";
				PRODUCT_NAME = 2bik2Tests;
				TEST_HOST = "$(BUNDLE_LOADER)";
				WRAPPER_EXTENSION = xctest;
			};
			name = Debug;
		};
		265017861931EFC900874699 /* Release */ = {
			isa = XCBuildConfiguration;
			buildSettings = {
				BUNDLE_LOADER = "$(BUILT_PRODUCTS_DIR)/2bik.app/2bik";
				FRAMEWORK_SEARCH_PATHS = (
					"$(SDKROOT)/Developer/Library/Frameworks",
					"$(inherited)",
					"$(DEVELOPER_FRAMEWORKS_DIR)",
				);
				GCC_PRECOMPILE_PREFIX_HEADER = YES;
				GCC_PREFIX_HEADER = "2bik/2bik-Prefix.pch";
				INFOPLIST_FILE = "2bikTests/2bik2Tests-Info.plist";
				PRODUCT_NAME = 2bik2Tests;
				TEST_HOST = "$(BUNDLE_LOADER)";
				WRAPPER_EXTENSION = xctest;
			};
			name = Release;
		};
/* End XCBuildConfiguration section */

/* Begin XCConfigurationList section */
		265017501931EFC800874699 /* Build configuration list for PBXProject "2bik2" */ = {
			isa = XCConfigurationList;
			buildConfigurations = (
				2650177F1931EFC900874699 /* Debug */,
				265017801931EFC900874699 /* Release */,
			);
			defaultConfigurationIsVisible = 0;
			defaultConfigurationName = Release;
		};
		265017811931EFC900874699 /* Build configuration list for PBXNativeTarget "2bik2" */ = {
			isa = XCConfigurationList;
			buildConfigurations = (
				265017821931EFC900874699 /* Debug */,
				265017831931EFC900874699 /* Release */,
			);
			defaultConfigurationIsVisible = 0;
			defaultConfigurationName = Release;
		};
		265017841931EFC900874699 /* Build configuration list for PBXNativeTarget "2bik2Tests" */ = {
			isa = XCConfigurationList;
			buildConfigurations = (
				265017851931EFC900874699 /* Debug */,
				265017861931EFC900874699 /* Release */,
			);
			defaultConfigurationIsVisible = 0;
			defaultConfigurationName = Release;
		};
/* End XCConfigurationList section */
	};
	rootObject = 2650174D1931EFC800874699 /* Project object */;
}
